# This file is generated from pyproject.toml and requirements-dev.in.
# Update with: pip-compile --generate-hashes --output-file=requirements.lock pyproject.toml requirements-dev.in
black==24.10.0 \
    --hash=sha256:32a7387e8ccc14e6fbce049ba8cc3265616745da0a42cdce3ed15d652bce9388
click==8.3.1 \
    --hash=sha256:aab3caa28237b5d60bc91b56000b36e0c46d49779903082bc65977898ff36c3c
iniconfig==2.3.0 \
    --hash=sha256:c0fd136096e686e5617a350e9610149559ad13a1dcbd86cdc5addc614ac6f15c
jsonschema==4.23.0 \
    --hash=sha256:22e9ca848f89df22acf30aca50b49d0874c399f179ca28acd57baf1733e0fd35
jsonschema-specifications==2025.9.1 \
    --hash=sha256:c675ec76f0d289ff9882f35d6c247d10cf22775bf56900e88564bbc65cbfd8b2
markdown-it-py==4.0.0 \
    --hash=sha256:6ccfdac0c41692d1bc2edb2e34c545a95dc1a1c3f1f99c2b6d66521c5210c970
mdurl==0.1.2 \
    --hash=sha256:03955d6646e72fe8ade96cefdd19ab7b2224cd72cb9cc72dccaf1bbdb6be9d35
packaging==25.0 \
    --hash=sha256:cb4fc97be5382f730b0f866983ff6937959edb169a841796eb35a3f38ace33be
pathspec==0.12.1 \
    --hash=sha256:d2be170c86442ec9c2444fad1a602a0a81de6e6f4a0be7a4045a383cc0472930
pip-api==0.0.34 \
    --hash=sha256:15047ee1c0d670be069f0f349aa0e7df007c714f494f29e69f21e383877520ae
pip-audit==2.7.3 \
    --hash=sha256:062b694b90a2ba9993f519c7348ffd2e8c491388fa90470e802ccf9093cb53bf
pip-licenses==4.4.0 \
    --hash=sha256:e9c39bdc6be5d09523cdcc6a95888c8686b0d088d4691c2115784a6583f53ca0
platformdirs==4.5.0 \
    --hash=sha256:baf3fdf14a9f4f13febd7d91d241d2c80c566c243e49bf787a077dab92eaf766
pluggy==1.6.0 \
    --hash=sha256:ab0be69d1a1bde3794d486d613137d5d20ac87896592eeb5579dc475d9055966
pygments==2.19.2 \
    --hash=sha256:7df3bf9259a046ae57bbc775fc1bc98471573140bceb496398be4d5bd4fd78cc
pyparsing==3.2.5 \
    --hash=sha256:379cc9a406fd3ae2623f300315d58f5874b8f0e6f9ecc36aef48c5d2057b45e5
pytest==8.3.4 \
    --hash=sha256:74687b9bfb8fe901f2457719287622e03d28e979641373d1215f437f5418818a
pyyaml==6.0.3 \
    --hash=sha256:b68ef5d2c3ac74e82d1c1ba4111083bde8c690b93f643246e62923640ece9c87
requests==2.32.5 \
    --hash=sha256:41ef2f6130c8856782c48ba6341e66ce9fe28f7e5efba6cb345e1dc14d008282
rich==14.1.0 \
    --hash=sha256:afa66bd5a3ab5b5eb0122c52c353b3c0184ebb833f03588844d7087579f47c84
ruff==0.8.4 \
    --hash=sha256:b2df72ea57af2628e9d36bff800bdac0f07f9d765955d0b3b8b5117e4a03db9b
tomli==2.3.0 \
    --hash=sha256:535d8cc5c8ec75ac6d14a342b58e976a82e58b62b71da36be9e201d463413c35
typing-extensions==4.15.0 \
    --hash=sha256:c7aab2f47079b77953bf08a7bb7753687cc1525905fea1fb72b108a2f6ed715e
